github.com/certifi/gocertifi v0.0.0-20190410005359-59a85de7f35e h1:9574pc8MX6rF/QyO14SPHhM5KKIOo9fkb/1ifuYMTKU=
github.com/certifi/gocertifi v0.0.0-20190410005359-59a85de7f35e/go.mod h1:GJKEexRPVJrBSOjoqN5VNOIKJ5Q3RViH6eu3puDRwx4=
github.com/dgrijalva/jwt-go v3.2.0+incompatible h1:7qlOGliEKZXTDg6OTjfoBKDXWrumCAMpl/TFQ4/5kLM=
github.com/dgrijalva/jwt-go v3.2.0+incompatible/go.mod h1:E3ru+11k8xSBh+hMPgOLZmtrrCbhqsmaPHjLKYnJCaQ=
