github.com/certifi/gocertifi v0.0.0-20190410005359-59a85de7f35e h1:9574pc8MX6rF/QyO14SPHhM5KKIOo9fkb/1ifuYMTKU=
github.com/certifi/gocertifi v0.0.0-20190410005359-59a85de7f35e/go.mod h1:GJKEexRPVJrBSOjoqN5VNOIKJ5Q3RViH6eu3puDRwx4=
github.com/dchest/uniuri v0.0.0-20160212164326-8902c56451e9 h1:74lLNRzvsdIlkTgfDSMuaPjBr4cf6k7pwQQANm/yLKU=
github.com/dchest/uniuri v0.0.0-20160212164326-8902c56451e9/go.mod h1:GgB8SF9nRG+GqaDtLcwJZsQFhcogVCJ79j4EdT0c2V4=
github.com/dgrijalva/jwt-go v3.2.0+incompatible h1:7qlOGliEKZXTDg6OTjfoBKDXWrumCAMpl/TFQ4/5kLM=
github.com/dgrijalva/jwt-go v3.2.0+incompatible/go.mod h1:E3ru+11k8xSBh+hMPgOLZmtrrCbhqsmaPHjLKYnJCaQ=
github.com/kylegrantlucas/speedtest v0.0.0-20180419014002-f8512f58e7ea h1:4Ek6G1ndb/DFCrqezAV7Hy52NgDmRj8sJeMr1PeErmA=
github.com/kylegrantlucas/speedtest v0.0.0-20180419014002-f8512f58e7ea/go.mod h1:QiU+PZGcx6YZxDBL2y4woEXy3z+1JPSQmH1EbyT5mNc=
github.com/sparrc/go-ping v0.0.0-20190613174326-4e5b6552494c h1:gqEdF4VwBu3lTKGHS9rXE9x1/pEaSwCXRLOZRF6qtlw=
github.com/sparrc/go-ping v0.0.0-20190613174326-4e5b6552494c/go.mod h1:eMyUVp6f/5jnzM+3zahzl7q6UXLbgSc3MKg/+ow9QW0=
golang.org/x/crypto v0.0.0-20190308221718-c2843e01d9a2/go.mod h1:djNgcEr1/C05ACkg1iLfiJU5Ep61QUkGW8qpdssI0+w=
golang.org/x/net v0.0.0-20190628185345-da137c7871d7 h1:rTIdg5QFRR7XCaK4LCjBiPbx8j4DQRpdYMnGn/bJUEU=
golang.org/x/net v0.0.0-20190628185345-da137c7871d7/go.mod h1:z5CRVTTTmAJ677TzLLGU+0bjPO0LkuOLi4/5GtJWs/s=
golang.org/x/sys v0.0.0-20190215142949-d0b11bdaac8a h1:1BGLXjeY4akVXGgbC9HugT3Jv3hCI0z56oJR5vAMgBU=
golang.org/x/sys v0.0.0-20190215142949-d0b11bdaac8a/go.mod h1:STP8DvDyc/dI5b8T5hshtkjS+E42TnysNCUPdjciGhY=
golang.org/x/text v0.3.0/go.mod h1:NqM8EUOU14njkJ3fqMW+pc6Ldnwhi/IjpwHt7yyuwOQ=
